
Microsoft Visual Studio Solution File, Format Version 12.00
# Visual Studio 15
VisualStudioVersion = 15.0.28307.757
MinimumVisualStudioVersion = 10.0.40219.1
Project("{FAE04EC0-301F-11D3-BF4B-00C04F79EFBC}") = "MaouHeroLanding", "MaouHeroLanding\MaouHeroLanding.csproj", "{32E05407-CE47-4990-A5D0-4574414D095D}"
EndProject
Global
	GlobalSection(SolutionConfigurationPlatforms) = preSolution
		Debug|Any CPU = Debug|Any CPU
		Release|Any CPU = Release|Any CPU
	EndGlobalSection
	GlobalSection(ProjectConfigurationPlatforms) = postSolution
		{32E05407-CE47-4990-A5D0-4574414D095D}.Debug|Any CPU.ActiveCfg = Debug|Any CPU
		{32E05407-CE47-4990-A5D0-4574414D095D}.Debug|Any CPU.Build.0 = Debug|Any CPU
		{32E05407-CE47-4990-A5D0-4574414D095D}.Release|Any CPU.ActiveCfg = Release|Any CPU
		{32E05407-CE47-4990-A5D0-4574414D095D}.Release|Any CPU.Build.0 = Release|Any CPU
	EndGlobalSection
	GlobalSection(SolutionProperties) = preSolution
		HideSolutionNode = FALSE
	EndGlobalSection
	GlobalSection(ExtensibilityGlobals) = postSolution
		SolutionGuid = {1F7380D8-F56D-45E8-ABCD-8B7908B4351B}
	EndGlobalSection
EndGlobal
